{
  "name": "test",
  "lockfileVersion": 2,
  "requires": true,
  "packages": {
    "": {
      "dependencies": {
        "tomppas-frame-print": "^1.0.0"
      }
    },
    "node_modules/tomppas-frame-print": {
      "version": "1.0.0",
      "resolved": "https://registry.npmjs.org/tomppas-frame-print/-/tomppas-frame-print-1.0.0.tgz",
      "integrity": "sha512-hFJyY1lYdSbnYn1U7llj+f3B9Vo9jx6NrVpluXDDO7k8sDqkQ6hGhHQcrh2b+GjDm03Uxm2CkkjqcyOCFQ8I9w=="
    }
  },
  "dependencies": {
    "tomppas-frame-print": {
      "version": "1.0.0",
      "resolved": "https://registry.npmjs.org/tomppas-frame-print/-/tomppas-frame-print-1.0.0.tgz",
      "integrity": "sha512-hFJyY1lYdSbnYn1U7llj+f3B9Vo9jx6NrVpluXDDO7k8sDqkQ6hGhHQcrh2b+GjDm03Uxm2CkkjqcyOCFQ8I9w=="
    }
  }
}
